
Microsoft Visual Studio Solution File, Format Version 12.00
# Visual Studio Version 17
VisualStudioVersion = 17.0.31903.59
MinimumVisualStudioVersion = 10.0.40219.1
Project("{FAE04EC0-301F-11D3-BF4B-00C04F79EFBC}") = "BlazorNet6.Server", "Server\BlazorNet6.Server.csproj", "{B5A002CE-1783-4248-8EDB-A9044109F9E9}"
EndProject
Project("{FAE04EC0-301F-11D3-BF4B-00C04F79EFBC}") = "BlazorNet6.Client", "Client\BlazorNet6.Client.csproj", "{61CE67ED-36E6-4E24-BDAC-07990F090E0B}"
EndProject
Project("{FAE04EC0-301F-11D3-BF4B-00C04F79EFBC}") = "BlazorNet6.Shared", "Shared\BlazorNet6.Shared.csproj", "{B8743C2E-484F-42F8-B2CA-7EC669C76011}"
EndProject
Global
	GlobalSection(SolutionConfigurationPlatforms) = preSolution
		Debug|Any CPU = Debug|Any CPU
		Release|Any CPU = Release|Any CPU
	EndGlobalSection
	GlobalSection(ProjectConfigurationPlatforms) = postSolution
		{B5A002CE-1783-4248-8EDB-A9044109F9E9}.Debug|Any CPU.ActiveCfg = Debug|Any CPU
		{B5A002CE-1783-4248-8EDB-A9044109F9E9}.Debug|Any CPU.Build.0 = Debug|Any CPU
		{B5A002CE-1783-4248-8EDB-A9044109F9E9}.Release|Any CPU.ActiveCfg = Release|Any CPU
		{B5A002CE-1783-4248-8EDB-A9044109F9E9}.Release|Any CPU.Build.0 = Release|Any CPU
		{61CE67ED-36E6-4E24-BDAC-07990F090E0B}.Debug|Any CPU.ActiveCfg = Debug|Any CPU
		{61CE67ED-36E6-4E24-BDAC-07990F090E0B}.Debug|Any CPU.Build.0 = Debug|Any CPU
		{61CE67ED-36E6-4E24-BDAC-07990F090E0B}.Release|Any CPU.ActiveCfg = Release|Any CPU
		{61CE67ED-36E6-4E24-BDAC-07990F090E0B}.Release|Any CPU.Build.0 = Release|Any CPU
		{B8743C2E-484F-42F8-B2CA-7EC669C76011}.Debug|Any CPU.ActiveCfg = Debug|Any CPU
		{B8743C2E-484F-42F8-B2CA-7EC669C76011}.Debug|Any CPU.Build.0 = Debug|Any CPU
		{B8743C2E-484F-42F8-B2CA-7EC669C76011}.Release|Any CPU.ActiveCfg = Release|Any CPU
		{B8743C2E-484F-42F8-B2CA-7EC669C76011}.Release|Any CPU.Build.0 = Release|Any CPU
	EndGlobalSection
	GlobalSection(SolutionProperties) = preSolution
		HideSolutionNode = FALSE
	EndGlobalSection
	GlobalSection(ExtensibilityGlobals) = postSolution
		SolutionGuid = {357624E9-D8EF-4A56-A214-1BA8FB983621}
	EndGlobalSection
EndGlobal
