
Microsoft Visual Studio Solution File, Format Version 12.00
# Visual Studio Version 17
VisualStudioVersion = 17.0.31903.59
MinimumVisualStudioVersion = 10.0.40219.1
Project("{FAE04EC0-301F-11D3-BF4B-00C04F79EFBC}") = "MinimalApiSample", "MinimalApiSample.csproj", "{AFC3FD19-3F6C-43FF-A6F4-FB24E5F40949}"
EndProject
Global
	GlobalSection(SolutionConfigurationPlatforms) = preSolution
		Debug|Any CPU = Debug|Any CPU
		Release|Any CPU = Release|Any CPU
	EndGlobalSection
	GlobalSection(ProjectConfigurationPlatforms) = postSolution
		{AFC3FD19-3F6C-43FF-A6F4-FB24E5F40949}.Debug|Any CPU.ActiveCfg = Debug|Any CPU
		{AFC3FD19-3F6C-43FF-A6F4-FB24E5F40949}.Debug|Any CPU.Build.0 = Debug|Any CPU
		{AFC3FD19-3F6C-43FF-A6F4-FB24E5F40949}.Release|Any CPU.ActiveCfg = Release|Any CPU
		{AFC3FD19-3F6C-43FF-A6F4-FB24E5F40949}.Release|Any CPU.Build.0 = Release|Any CPU
	EndGlobalSection
	GlobalSection(SolutionProperties) = preSolution
		HideSolutionNode = FALSE
	EndGlobalSection
	GlobalSection(ExtensibilityGlobals) = postSolution
		SolutionGuid = {2417B873-1192-4B4F-AB44-2A18DCFCC7DE}
	EndGlobalSection
EndGlobal
